
Microsoft Visual Studio Solution File, Format Version 12.00
# Visual Studio 14
VisualStudioVersion = 14.0.25420.1
MinimumVisualStudioVersion = 10.0.40219.1
Project("{FAE04EC0-301F-11D3-BF4B-00C04F79EFBC}") = "ProcessLibrary", "ProcessLibrary\ProcessLibrary.csproj", "{F287B5FD-EB19-4E01-89A5-B483E9880C34}"
EndProject
Project("{FAE04EC0-301F-11D3-BF4B-00C04F79EFBC}") = "WhoUseThis", "WhoUseThis\WhoUseThis.csproj", "{FC78ED22-FF9F-4FE6-8CAB-542A9705CEA0}"
	ProjectSection(ProjectDependencies) = postProject
		{F287B5FD-EB19-4E01-89A5-B483E9880C34} = {F287B5FD-EB19-4E01-89A5-B483E9880C34}
	EndProjectSection
EndProject
Global
	GlobalSection(SolutionConfigurationPlatforms) = preSolution
		Debug|Any CPU = Debug|Any CPU
		Release|Any CPU = Release|Any CPU
	EndGlobalSection
	GlobalSection(ProjectConfigurationPlatforms) = postSolution
		{F287B5FD-EB19-4E01-89A5-B483E9880C34}.Debug|Any CPU.ActiveCfg = Debug|Any CPU
		{F287B5FD-EB19-4E01-89A5-B483E9880C34}.Debug|Any CPU.Build.0 = Debug|Any CPU
		{F287B5FD-EB19-4E01-89A5-B483E9880C34}.Release|Any CPU.ActiveCfg = Release|Any CPU
		{F287B5FD-EB19-4E01-89A5-B483E9880C34}.Release|Any CPU.Build.0 = Release|Any CPU
		{FC78ED22-FF9F-4FE6-8CAB-542A9705CEA0}.Debug|Any CPU.ActiveCfg = Debug|Any CPU
		{FC78ED22-FF9F-4FE6-8CAB-542A9705CEA0}.Debug|Any CPU.Build.0 = Debug|Any CPU
		{FC78ED22-FF9F-4FE6-8CAB-542A9705CEA0}.Release|Any CPU.ActiveCfg = Release|Any CPU
		{FC78ED22-FF9F-4FE6-8CAB-542A9705CEA0}.Release|Any CPU.Build.0 = Release|Any CPU
	EndGlobalSection
	GlobalSection(SolutionProperties) = preSolution
		HideSolutionNode = FALSE
	EndGlobalSection
	GlobalSection(ExtensibilityGlobals) = postSolution
		SolutionGuid = {F8882179-CD7B-40D2-943B-7549194CBE1A}
	EndGlobalSection
EndGlobal
