
Microsoft Visual Studio Solution File, Format Version 12.00
# Visual Studio Version 16
VisualStudioVersion = 16.0.29025.244
MinimumVisualStudioVersion = 10.0.40219.1
Project("{FAE04EC0-301F-11D3-BF4B-00C04F79EFBC}") = "ProcessLibrary", "ProcessLibrary\ProcessLibrary.csproj", "{F287B5FD-EB19-4E01-89A5-B483E9880C34}"
EndProject
Project("{FAE04EC0-301F-11D3-BF4B-00C04F79EFBC}") = "WhoLockItGUI", "WhoLockItGUI\WhoLockItGUI.csproj", "{3D72C846-F995-413E-9CE3-DA0C1C29B1C6}"
	ProjectSection(ProjectDependencies) = postProject
		{F287B5FD-EB19-4E01-89A5-B483E9880C34} = {F287B5FD-EB19-4E01-89A5-B483E9880C34}
	EndProjectSection
EndProject
Project("{FAE04EC0-301F-11D3-BF4B-00C04F79EFBC}") = "UnitTestProcessLibrary", "UnitTestProcessLibrary\UnitTestProcessLibrary.csproj", "{7FC9D8C7-5B86-48BC-A2BF-CA4C72BB3115}"
	ProjectSection(ProjectDependencies) = postProject
		{F287B5FD-EB19-4E01-89A5-B483E9880C34} = {F287B5FD-EB19-4E01-89A5-B483E9880C34}
	EndProjectSection
EndProject
Global
	GlobalSection(SolutionConfigurationPlatforms) = preSolution
		Debug|Any CPU = Debug|Any CPU
		Release|Any CPU = Release|Any CPU
	EndGlobalSection
	GlobalSection(ProjectConfigurationPlatforms) = postSolution
		{F287B5FD-EB19-4E01-89A5-B483E9880C34}.Debug|Any CPU.ActiveCfg = Debug|Any CPU
		{F287B5FD-EB19-4E01-89A5-B483E9880C34}.Debug|Any CPU.Build.0 = Debug|Any CPU
		{F287B5FD-EB19-4E01-89A5-B483E9880C34}.Release|Any CPU.ActiveCfg = Release|Any CPU
		{F287B5FD-EB19-4E01-89A5-B483E9880C34}.Release|Any CPU.Build.0 = Release|Any CPU
		{3D72C846-F995-413E-9CE3-DA0C1C29B1C6}.Debug|Any CPU.ActiveCfg = Debug|Any CPU
		{3D72C846-F995-413E-9CE3-DA0C1C29B1C6}.Debug|Any CPU.Build.0 = Debug|Any CPU
		{3D72C846-F995-413E-9CE3-DA0C1C29B1C6}.Release|Any CPU.ActiveCfg = Release|Any CPU
		{3D72C846-F995-413E-9CE3-DA0C1C29B1C6}.Release|Any CPU.Build.0 = Release|Any CPU
		{7FC9D8C7-5B86-48BC-A2BF-CA4C72BB3115}.Debug|Any CPU.ActiveCfg = Debug|Any CPU
		{7FC9D8C7-5B86-48BC-A2BF-CA4C72BB3115}.Debug|Any CPU.Build.0 = Debug|Any CPU
		{7FC9D8C7-5B86-48BC-A2BF-CA4C72BB3115}.Release|Any CPU.ActiveCfg = Release|Any CPU
		{7FC9D8C7-5B86-48BC-A2BF-CA4C72BB3115}.Release|Any CPU.Build.0 = Release|Any CPU
	EndGlobalSection
	GlobalSection(SolutionProperties) = preSolution
		HideSolutionNode = FALSE
	EndGlobalSection
	GlobalSection(ExtensibilityGlobals) = postSolution
		SolutionGuid = {F8882179-CD7B-40D2-943B-7549194CBE1A}
	EndGlobalSection
EndGlobal
